
Microsoft Visual Studio Solution File, Format Version 12.00
# Visual Studio Version 17
VisualStudioVersion = 17.4.33205.214
MinimumVisualStudioVersion = 10.0.40219.1
Project("{FAE04EC0-301F-11D3-BF4B-00C04F79EFBC}") = "IWantAPI", "IWantAPI.csproj", "{0D722C9C-831C-4AB5-8006-62EA7D829526}"
EndProject
Global
	GlobalSection(SolutionConfigurationPlatforms) = preSolution
		Debug|Any CPU = Debug|Any CPU
		Release|Any CPU = Release|Any CPU
	EndGlobalSection
	GlobalSection(ProjectConfigurationPlatforms) = postSolution
		{0D722C9C-831C-4AB5-8006-62EA7D829526}.Debug|Any CPU.ActiveCfg = Debug|Any CPU
		{0D722C9C-831C-4AB5-8006-62EA7D829526}.Debug|Any CPU.Build.0 = Debug|Any CPU
		{0D722C9C-831C-4AB5-8006-62EA7D829526}.Release|Any CPU.ActiveCfg = Release|Any CPU
		{0D722C9C-831C-4AB5-8006-62EA7D829526}.Release|Any CPU.Build.0 = Release|Any CPU
	EndGlobalSection
	GlobalSection(SolutionProperties) = preSolution
		HideSolutionNode = FALSE
	EndGlobalSection
	GlobalSection(ExtensibilityGlobals) = postSolution
		SolutionGuid = {10968CBC-D76C-4F49-B687-E2783C975659}
	EndGlobalSection
EndGlobal
